
Microsoft Visual Studio Solution File, Format Version 12.00
# Visual Studio Version 16
VisualStudioVersion = 16.0.33214.272
MinimumVisualStudioVersion = 10.0.40219.1
Project("{FAE04EC0-301F-11D3-BF4B-00C04F79EFBC}") = "Mission04_cji23", "Mission04_cji23\Mission04_cji23.csproj", "{D4F938E6-3514-436F-970D-5AEEA69305FD}"
EndProject
Global
	GlobalSection(SolutionConfigurationPlatforms) = preSolution
		Debug|Any CPU = Debug|Any CPU
		Release|Any CPU = Release|Any CPU
	EndGlobalSection
	GlobalSection(ProjectConfigurationPlatforms) = postSolution
		{D4F938E6-3514-436F-970D-5AEEA69305FD}.Debug|Any CPU.ActiveCfg = Debug|Any CPU
		{D4F938E6-3514-436F-970D-5AEEA69305FD}.Debug|Any CPU.Build.0 = Debug|Any CPU
		{D4F938E6-3514-436F-970D-5AEEA69305FD}.Release|Any CPU.ActiveCfg = Release|Any CPU
		{D4F938E6-3514-436F-970D-5AEEA69305FD}.Release|Any CPU.Build.0 = Release|Any CPU
	EndGlobalSection
	GlobalSection(SolutionProperties) = preSolution
		HideSolutionNode = FALSE
	EndGlobalSection
	GlobalSection(ExtensibilityGlobals) = postSolution
		SolutionGuid = {D922B0C8-DF15-4CDB-9263-A09ED31B9749}
	EndGlobalSection
EndGlobal
